
Microsoft Visual Studio Solution File, Format Version 12.00
# Visual Studio Version 17
VisualStudioVersion = 17.0.31903.59
MinimumVisualStudioVersion = 10.0.40219.1
Project("{FAE04EC0-301F-11D3-BF4B-00C04F79EFBC}") = "Sockets.Server", "Sockets.Server\Sockets.Server.csproj", "{BA1EE8A8-C4A3-4E71-951F-8AEA886E12FE}"
EndProject
Project("{FAE04EC0-301F-11D3-BF4B-00C04F79EFBC}") = "Sockets.Client", "Sockets.Client\Sockets.Client.csproj", "{7DBDFBEC-5D42-426D-9571-6DD663C9DB26}"
EndProject
Global
	GlobalSection(SolutionConfigurationPlatforms) = preSolution
		Debug|Any CPU = Debug|Any CPU
		Release|Any CPU = Release|Any CPU
	EndGlobalSection
	GlobalSection(SolutionProperties) = preSolution
		HideSolutionNode = FALSE
	EndGlobalSection
	GlobalSection(ProjectConfigurationPlatforms) = postSolution
		{BA1EE8A8-C4A3-4E71-951F-8AEA886E12FE}.Debug|Any CPU.ActiveCfg = Debug|Any CPU
		{BA1EE8A8-C4A3-4E71-951F-8AEA886E12FE}.Debug|Any CPU.Build.0 = Debug|Any CPU
		{BA1EE8A8-C4A3-4E71-951F-8AEA886E12FE}.Release|Any CPU.ActiveCfg = Release|Any CPU
		{BA1EE8A8-C4A3-4E71-951F-8AEA886E12FE}.Release|Any CPU.Build.0 = Release|Any CPU
		{7DBDFBEC-5D42-426D-9571-6DD663C9DB26}.Debug|Any CPU.ActiveCfg = Debug|Any CPU
		{7DBDFBEC-5D42-426D-9571-6DD663C9DB26}.Debug|Any CPU.Build.0 = Debug|Any CPU
		{7DBDFBEC-5D42-426D-9571-6DD663C9DB26}.Release|Any CPU.ActiveCfg = Release|Any CPU
		{7DBDFBEC-5D42-426D-9571-6DD663C9DB26}.Release|Any CPU.Build.0 = Release|Any CPU
	EndGlobalSection
EndGlobal
